
Microsoft Visual Studio Solution File, Format Version 12.00
Project("{FAE04EC0-301F-11D3-BF4B-00C04F79EFBC}") = "Lab5_2", "Lab5_2\Lab5_2.csproj", "{9BFF6D59-5D3E-4A1C-9AB2-31B4B51C2456}"
EndProject
Project("{FAE04EC0-301F-11D3-BF4B-00C04F79EFBC}") = "Lab5_2.Tests", "Lab5_2.Tests\Lab5_2.Tests.csproj", "{8BB12015-1E75-48AA-AABC-751F5688020D}"
EndProject
Global
	GlobalSection(SolutionConfigurationPlatforms) = preSolution
		Debug|Any CPU = Debug|Any CPU
		Release|Any CPU = Release|Any CPU
	EndGlobalSection
	GlobalSection(ProjectConfigurationPlatforms) = postSolution
		{9BFF6D59-5D3E-4A1C-9AB2-31B4B51C2456}.Debug|Any CPU.ActiveCfg = Debug|Any CPU
		{9BFF6D59-5D3E-4A1C-9AB2-31B4B51C2456}.Debug|Any CPU.Build.0 = Debug|Any CPU
		{9BFF6D59-5D3E-4A1C-9AB2-31B4B51C2456}.Release|Any CPU.ActiveCfg = Release|Any CPU
		{9BFF6D59-5D3E-4A1C-9AB2-31B4B51C2456}.Release|Any CPU.Build.0 = Release|Any CPU
		{8BB12015-1E75-48AA-AABC-751F5688020D}.Debug|Any CPU.ActiveCfg = Debug|Any CPU
		{8BB12015-1E75-48AA-AABC-751F5688020D}.Debug|Any CPU.Build.0 = Debug|Any CPU
		{8BB12015-1E75-48AA-AABC-751F5688020D}.Release|Any CPU.ActiveCfg = Release|Any CPU
		{8BB12015-1E75-48AA-AABC-751F5688020D}.Release|Any CPU.Build.0 = Release|Any CPU
	EndGlobalSection
EndGlobal
