
Microsoft Visual Studio Solution File, Format Version 12.00
Project("{FAE04EC0-301F-11D3-BF4B-00C04F79EFBC}") = "Lab4_1", "Lab4_1\Lab4_1.csproj", "{F456560C-1FB6-46F0-8FEF-18338A3AA51A}"
EndProject
Global
	GlobalSection(SolutionConfigurationPlatforms) = preSolution
		Debug|Any CPU = Debug|Any CPU
		Release|Any CPU = Release|Any CPU
	EndGlobalSection
	GlobalSection(ProjectConfigurationPlatforms) = postSolution
		{F456560C-1FB6-46F0-8FEF-18338A3AA51A}.Debug|Any CPU.ActiveCfg = Debug|Any CPU
		{F456560C-1FB6-46F0-8FEF-18338A3AA51A}.Debug|Any CPU.Build.0 = Debug|Any CPU
		{F456560C-1FB6-46F0-8FEF-18338A3AA51A}.Release|Any CPU.ActiveCfg = Release|Any CPU
		{F456560C-1FB6-46F0-8FEF-18338A3AA51A}.Release|Any CPU.Build.0 = Release|Any CPU
	EndGlobalSection
EndGlobal
