
Microsoft Visual Studio Solution File, Format Version 12.00
Project("{FAE04EC0-301F-11D3-BF4B-00C04F79EFBC}") = "Lab2_7", "Lab2_7\Lab2_7.csproj", "{B5B8292F-2632-478C-96D3-E4B5E7F58475}"
EndProject
Project("{FAE04EC0-301F-11D3-BF4B-00C04F79EFBC}") = "Lab2_7.Tests", "Lab2_7.Tests\Lab2_7.Tests.csproj", "{C2AF8605-AF0C-4A6E-AFD2-F75422EBB2E2}"
	ProjectSection(ProjectDependencies) = postProject
		{B5B8292F-2632-478C-96D3-E4B5E7F58475} = {B5B8292F-2632-478C-96D3-E4B5E7F58475}
	EndProjectSection
EndProject
Global
	GlobalSection(SolutionConfigurationPlatforms) = preSolution
		Debug|Any CPU = Debug|Any CPU
		Release|Any CPU = Release|Any CPU
	EndGlobalSection
	GlobalSection(ProjectConfigurationPlatforms) = postSolution
		{B5B8292F-2632-478C-96D3-E4B5E7F58475}.Debug|Any CPU.ActiveCfg = Debug|Any CPU
		{B5B8292F-2632-478C-96D3-E4B5E7F58475}.Debug|Any CPU.Build.0 = Debug|Any CPU
		{B5B8292F-2632-478C-96D3-E4B5E7F58475}.Release|Any CPU.ActiveCfg = Release|Any CPU
		{B5B8292F-2632-478C-96D3-E4B5E7F58475}.Release|Any CPU.Build.0 = Release|Any CPU
		{C2AF8605-AF0C-4A6E-AFD2-F75422EBB2E2}.Debug|Any CPU.ActiveCfg = Debug|Any CPU
		{C2AF8605-AF0C-4A6E-AFD2-F75422EBB2E2}.Debug|Any CPU.Build.0 = Debug|Any CPU
		{C2AF8605-AF0C-4A6E-AFD2-F75422EBB2E2}.Release|Any CPU.ActiveCfg = Release|Any CPU
		{C2AF8605-AF0C-4A6E-AFD2-F75422EBB2E2}.Release|Any CPU.Build.0 = Release|Any CPU
	EndGlobalSection
EndGlobal
